
Microsoft Visual Studio Solution File, Format Version 12.00
# Visual Studio Version 16
VisualStudioVersion = 16.0.28922.388
MinimumVisualStudioVersion = 10.0.40219.1
Project("{9A19103F-16F7-4668-BE54-9A1E7A4F7556}") = "Mocean", "Mocean\Mocean.csproj", "{77AB75C8-4763-4269-984F-F3E19F59D664}"
EndProject
Project("{9A19103F-16F7-4668-BE54-9A1E7A4F7556}") = "MoceanTests", "MoceanTests\MoceanTests.csproj", "{C1CE3E8A-2DB7-4A93-803E-B7AEE03DA522}"
EndProject
Project("{2150E333-8FDC-42A3-9474-1A3956D46DE8}") = "Git Items", "Git Items", "{9C890CA3-6D04-4555-9CE2-33DDD279C435}"
	ProjectSection(SolutionItems) = preProject
		.travis.yml = .travis.yml
		LICENSE.md = LICENSE.md
		README.md = README.md
	EndProjectSection
EndProject
Global
	GlobalSection(SolutionConfigurationPlatforms) = preSolution
		Debug|Any CPU = Debug|Any CPU
		Release|Any CPU = Release|Any CPU
	EndGlobalSection
	GlobalSection(ProjectConfigurationPlatforms) = postSolution
		{77AB75C8-4763-4269-984F-F3E19F59D664}.Debug|Any CPU.ActiveCfg = Debug|Any CPU
		{77AB75C8-4763-4269-984F-F3E19F59D664}.Debug|Any CPU.Build.0 = Debug|Any CPU
		{77AB75C8-4763-4269-984F-F3E19F59D664}.Release|Any CPU.ActiveCfg = Release|Any CPU
		{77AB75C8-4763-4269-984F-F3E19F59D664}.Release|Any CPU.Build.0 = Release|Any CPU
		{C1CE3E8A-2DB7-4A93-803E-B7AEE03DA522}.Debug|Any CPU.ActiveCfg = Debug|Any CPU
		{C1CE3E8A-2DB7-4A93-803E-B7AEE03DA522}.Debug|Any CPU.Build.0 = Debug|Any CPU
		{C1CE3E8A-2DB7-4A93-803E-B7AEE03DA522}.Release|Any CPU.ActiveCfg = Release|Any CPU
		{C1CE3E8A-2DB7-4A93-803E-B7AEE03DA522}.Release|Any CPU.Build.0 = Release|Any CPU
	EndGlobalSection
	GlobalSection(SolutionProperties) = preSolution
		HideSolutionNode = FALSE
	EndGlobalSection
	GlobalSection(ExtensibilityGlobals) = postSolution
		SolutionGuid = {4538D9A1-8408-4BAD-B9FD-B8B1A48921A3}
	EndGlobalSection
EndGlobal
