
Microsoft Visual Studio Solution File, Format Version 12.00
# Visual Studio Version 16
VisualStudioVersion = 16.0.28803.202
MinimumVisualStudioVersion = 10.0.40219.1
Project("{FAE04EC0-301F-11D3-BF4B-00C04F79EFBC}") = "Mocean", "Mocean\Mocean.csproj", "{D13BB1D0-909B-41BD-9A31-086882B9AFC3}"
EndProject
Project("{FAE04EC0-301F-11D3-BF4B-00C04F79EFBC}") = "MoceanTests", "MoceanTests\MoceanTests.csproj", "{3413CFCF-365C-4D97-99D6-8E07CE1FF74A}"
EndProject
Global
	GlobalSection(SolutionConfigurationPlatforms) = preSolution
		Debug|Any CPU = Debug|Any CPU
		Release|Any CPU = Release|Any CPU
	EndGlobalSection
	GlobalSection(ProjectConfigurationPlatforms) = postSolution
		{D13BB1D0-909B-41BD-9A31-086882B9AFC3}.Debug|Any CPU.ActiveCfg = Debug|Any CPU
		{D13BB1D0-909B-41BD-9A31-086882B9AFC3}.Debug|Any CPU.Build.0 = Debug|Any CPU
		{D13BB1D0-909B-41BD-9A31-086882B9AFC3}.Release|Any CPU.ActiveCfg = Release|Any CPU
		{D13BB1D0-909B-41BD-9A31-086882B9AFC3}.Release|Any CPU.Build.0 = Release|Any CPU
		{3413CFCF-365C-4D97-99D6-8E07CE1FF74A}.Debug|Any CPU.ActiveCfg = Debug|Any CPU
		{3413CFCF-365C-4D97-99D6-8E07CE1FF74A}.Debug|Any CPU.Build.0 = Debug|Any CPU
		{3413CFCF-365C-4D97-99D6-8E07CE1FF74A}.Release|Any CPU.ActiveCfg = Release|Any CPU
		{3413CFCF-365C-4D97-99D6-8E07CE1FF74A}.Release|Any CPU.Build.0 = Release|Any CPU
	EndGlobalSection
	GlobalSection(SolutionProperties) = preSolution
		HideSolutionNode = FALSE
	EndGlobalSection
	GlobalSection(ExtensibilityGlobals) = postSolution
		SolutionGuid = {FB20253B-6537-44F9-9D16-D672A3D51E6E}
	EndGlobalSection
EndGlobal
